{
  "name": "sample",
  "version": "1.0.0",
  "lockfileVersion": 1,
  "requires": true,
  "dependencies": {
    "h3-js": {
      "version": "3.6.3",
      "resolved": "https://registry.npmjs.org/h3-js/-/h3-js-3.6.3.tgz",
      "integrity": "sha512-sSfUD4WrqKDoGsGjeY/ih2kbl/HqunGzdAr4NL8Q1qHSAyGMvev3jABbsMvK9wJGmnGuGhIzgxX9kCbUsYcnwg=="
    }
  }
}
